// !$*UTF8*$!
{
	archiveVersion = 1;
	classes = {
	};
	objectVersion = 77;
	objects = {

/* Begin PBXBuildFile section */
		E661E75B2F39BF6000FE3F12 /* Assets.xcassets in Resources */ = {isa = PBXBuildFile; fileRef = E661E7582F39BF6000FE3F12 /* Assets.xcassets */; };
		E661E75C2F39BF6000FE3F12 /* ItemModel.swift in Sources */ = {isa = PBXBuildFile; fileRef = E661E7522F39BF6000FE3F12 /* ItemModel.swift */; };
		E661E75D2F39BF6000FE3F12 /* AddListView.swift in Sources */ = {isa = PBXBuildFile; fileRef = E661E7542F39BF6000FE3F12 /* AddListView.swift */; };
		E661E75E2F39BF6000FE3F12 /* ListRow.swift in Sources */ = {isa = PBXBuildFile; fileRef = E661E7552F39BF6000FE3F12 /* ListRow.swift */; };
		E661E75F2F39BF6000FE3F12 /* ListView.swift in Sources */ = {isa = PBXBuildFile; fileRef = E661E7562F39BF6000FE3F12 /* ListView.swift */; };
		E661E7602F39BF6000FE3F12 /* TodoListOneApp.swift in Sources */ = {isa = PBXBuildFile; fileRef = E661E7592F39BF6000FE3F12 /* TodoListOneApp.swift */; };
		E661E7642F39C44100FE3F12 /* ListViewModel.swift in Sources */ = {isa = PBXBuildFile; fileRef = E661E7632F39C43B00FE3F12 /* ListViewModel.swift */; };
/* End PBXBuildFile section */

/* Begin PBXFileReference section */
		E65942E12F361117006F6C82 /* TodoListOne.app */ = {isa = PBXFileReference; explicitFileType = wrapper.application; includeInIndex = 0; path = TodoListOne.app; sourceTree = BUILT_PRODUCTS_DIR; };
		E661E7522F39BF6000FE3F12 /* ItemModel.swift */ = {isa = PBXFileReference; lastKnownFileType = sourcecode.swift; path = ItemModel.swift; sourceTree = "<group>"; };
		E661E7542F39BF6000FE3F12 /* AddListView.swift */ = {isa = PBXFileReference; lastKnownFileType = sourcecode.swift; path = AddListView.swift; sourceTree = "<group>"; };
		E661E7552F39BF6000FE3F12 /* ListRow.swift */ = {isa = PBXFileReference; lastKnownFileType = sourcecode.swift; path = ListRow.swift; sourceTree = "<group>"; };
		E661E7562F39BF6000FE3F12 /* ListView.swift */ = {isa = PBXFileReference; lastKnownFileType = sourcecode.swift; path = ListView.swift; sourceTree = "<group>"; };
		E661E7582F39BF6000FE3F12 /* Assets.xcassets */ = {isa = PBXFileReference; lastKnownFileType = folder.assetcatalog; path = Assets.xcassets; sourceTree = "<group>"; };
		E661E7592F39BF6000FE3F12 /* TodoListOneApp.swift */ = {isa = PBXFileReference; lastKnownFileType = sourcecode.swift; path = TodoListOneApp.swift; sourceTree = "<group>"; };
		E661E7632F39C43B00FE3F12 /* ListViewModel.swift */ = {isa = PBXFileReference; lastKnownFileType = sourcecode.swift; path = ListViewModel.swift; sourceTree = "<group>"; };
/* End PBXFileReference section */

/* Begin PBXFrameworksBuildPhase section */
		E65942DE2F361117006F6C82 /* Frameworks */ = {
			isa = PBXFrameworksBuildPhase;
			buildActionMask = 2147483647;
			files = (
			);
			runOnlyForDeploymentPostprocessing = 0;
		};
/* End PBXFrameworksBuildPhase section */

/* Begin PBXGroup section */
		E65942D82F361117006F6C82 = {
			isa = PBXGroup;
			children = (
				E661E75A2F39BF6000FE3F12 /* TodoListOne */,
				E65942E22F361117006F6C82 /* Products */,
			);
			sourceTree = "<group>";
		};
		E65942E22F361117006F6C82 /* Products */ = {
			isa = PBXGroup;
			children = (
				E65942E12F361117006F6C82 /* TodoListOne.app */,
			);
			name = Products;
			sourceTree = "<group>";
		};
		E661E7532F39BF6000FE3F12 /* Models */ = {
			isa = PBXGroup;
			children = (
				E661E7522F39BF6000FE3F12 /* ItemModel.swift */,
			);
			path = Models;
			sourceTree = "<group>";
		};
		E661E7572F39BF6000FE3F12 /* View */ = {
			isa = PBXGroup;
			children = (
				E661E7542F39BF6000FE3F12 /* AddListView.swift */,
				E661E7552F39BF6000FE3F12 /* ListRow.swift */,
				E661E7562F39BF6000FE3F12 /* ListView.swift */,
			);
			path = View;
			sourceTree = "<group>";
		};
		E661E75A2F39BF6000FE3F12 /* TodoListOne */ = {
			isa = PBXGroup;
			children = (
				E661E7532F39BF6000FE3F12 /* Models */,
				E661E7622F39C3BB00FE3F12 /* ViewModels */,
				E661E7572F39BF6000FE3F12 /* View */,
				E661E7582F39BF6000FE3F12 /* Assets.xcassets */,
				E661E7592F39BF6000FE3F12 /* TodoListOneApp.swift */,
			);
			path = TodoListOne;
			sourceTree = "<group>";
		};
		E661E7622F39C3BB00FE3F12 /* ViewModels */ = {
			isa = PBXGroup;
			children = (
				E661E7632F39C43B00FE3F12 /* ListViewModel.swift */,
			);
			path = ViewModels;
			sourceTree = "<group>";
		};
/* End PBXGroup section */

/* Begin PBXNativeTarget section */
		E65942E02F361117006F6C82 /* TodoListOne */ = {
			isa = PBXNativeTarget;
			buildConfigurationList = E65942EC2F361119006F6C82 /* Build configuration list for PBXNativeTarget "TodoListOne" */;
			buildPhases = (
				E65942DD2F361117006F6C82 /* Sources */,
				E65942DE2F361117006F6C82 /* Frameworks */,
				E65942DF2F361117006F6C82 /* Resources */,
			);
			buildRules = (
			);
			dependencies = (
			);
			name = TodoListOne;
			packageProductDependencies = (
			);
			productName = TodoListOne;
			productReference = E65942E12F361117006F6C82 /* TodoListOne.app */;
			productType = "com.apple.product-type.application";
		};
/* End PBXNativeTarget section */

/* Begin PBXProject section */
		E65942D92F361117006F6C82 /* Project object */ = {
			isa = PBXProject;
			attributes = {
				BuildIndependentTargetsInParallel = 1;
				LastSwiftUpdateCheck = 2620;
				LastUpgradeCheck = 2620;
				TargetAttributes = {
					E65942E02F361117006F6C82 = {
						CreatedOnToolsVersion = 26.2;
					};
				};
			};
			buildConfigurationList = E65942DC2F361117006F6C82 /* Build configuration list for PBXProject "TodoListOne" */;
			developmentRegion = ru;
			hasScannedForEncodings = 0;
			knownRegions = (
				en,
				Base,
				ru,
			);
			mainGroup = E65942D82F361117006F6C82;
			minimizedProjectReferenceProxies = 1;
			preferredProjectObjectVersion = 77;
			productRefGroup = E65942E22F361117006F6C82 /* Products */;
			projectDirPath = "";
			projectRoot = "";
			targets = (
				E65942E02F361117006F6C82 /* TodoListOne */,
			);
		};
/* End PBXProject section */

/* Begin PBXResourcesBuildPhase section */
		E65942DF2F361117006F6C82 /* Resources */ = {
			isa = PBXResourcesBuildPhase;
			buildActionMask = 2147483647;
			files = (
				E661E75B2F39BF6000FE3F12 /* Assets.xcassets in Resources */,
			);
			runOnlyForDeploymentPostprocessing = 0;
		};
/* End PBXResourcesBuildPhase section */

/* Begin PBXSourcesBuildPhase section */
		E65942DD2F361117006F6C82 /* Sources */ = {
			isa = PBXSourcesBuildPhase;
			buildActionMask = 2147483647;
			files = (
				E661E75C2F39BF6000FE3F12 /* ItemModel.swift in Sources */,
				E661E75D2F39BF6000FE3F12 /* AddListView.swift in Sources */,
				E661E7642F39C44100FE3F12 /* ListViewModel.swift in Sources */,
				E661E75E2F39BF6000FE3F12 /* ListRow.swift in Sources */,
				E661E75F2F39BF6000FE3F12 /* ListView.swift in Sources */,
				E661E7602F39BF6000FE3F12 /* TodoListOneApp.swift in Sources */,
			);
			runOnlyForDeploymentPostprocessing = 0;
		};
/* End PBXSourcesBuildPhase section */

/* Begin XCBuildConfiguration section */
		E65942EA2F361119006F6C82 /* Debug */ = {
			isa = XCBuildConfiguration;
			buildSettings = {
				ALWAYS_SEARCH_USER_PATHS = NO;
				ASSETCATALOG_COMPILER_GENERATE_SWIFT_ASSET_SYMBOL_EXTENSIONS = YES;
				CLANG_ANALYZER_NONNULL = YES;
				CLANG_ANALYZER_NUMBER_OBJECT_CONVERSION = YES_AGGRESSIVE;
				CLANG_CXX_LANGUAGE_STANDARD = "gnu++20";
				CLANG_ENABLE_MODULES = YES;
				CLANG_ENABLE_OBJC_ARC = YES;
				CLANG_ENABLE_OBJC_WEAK = YES;
				CLANG_WARN_BLOCK_CAPTURE_AUTORELEASING = YES;
				CLANG_WARN_BOOL_CONVERSION = YES;
				CLANG_WARN_COMMA = YES;
				CLANG_WARN_CONSTANT_CONVERSION = YES;
				CLANG_WARN_DEPRECATED_OBJC_IMPLEMENTATIONS = YES;
				CLANG_WARN_DIRECT_OBJC_ISA_USAGE = YES_ERROR;
				CLANG_WARN_DOCUMENTATION_COMMENTS = YES;
				CLANG_WARN_EMPTY_BODY = YES;
				CLANG_WARN_ENUM_CONVERSION = YES;
				CLANG_WARN_INFINITE_RECURSION = YES;
				CLANG_WARN_INT_CONVERSION = YES;
				CLANG_WARN_NON_LITERAL_NULL_CONVERSION = YES;
				CLANG_WARN_OBJC_IMPLICIT_RETAIN_SELF = YES;
				CLANG_WARN_OBJC_LITERAL_CONVERSION = YES;
				CLANG_WARN_OBJC_ROOT_CLASS = YES_ERROR;
				CLANG_WARN_QUOTED_INCLUDE_IN_FRAMEWORK_HEADER = YES;
				CLANG_WARN_RANGE_LOOP_ANALYSIS = YES;
				CLANG_WARN_STRICT_PROTOTYPES = YES;
				CLANG_WARN_SUSPICIOUS_MOVE = YES;
				CLANG_WARN_UNGUARDED_AVAILABILITY = YES_AGGRESSIVE;
				CLANG_WARN_UNREACHABLE_CODE = YES;
				CLANG_WARN__DUPLICATE_METHOD_MATCH = YES;
				COPY_PHASE_STRIP = NO;
				DEBUG_INFORMATION_FORMAT = dwarf;
				DEVELOPMENT_TEAM = NLWU45HJDU;
				ENABLE_STRICT_OBJC_MSGSEND = YES;
				ENABLE_TESTABILITY = YES;
				ENABLE_USER_SCRIPT_SANDBOXING = YES;
				GCC_C_LANGUAGE_STANDARD = gnu17;
				GCC_DYNAMIC_NO_PIC = NO;
				GCC_NO_COMMON_BLOCKS = YES;
				GCC_OPTIMIZATION_LEVEL = 0;
				GCC_PREPROCESSOR_DEFINITIONS = (
					"DEBUG=1",
					"$(inherited)",
				);
				GCC_WARN_64_TO_32_BIT_CONVERSION = YES;
				GCC_WARN_ABOUT_RETURN_TYPE = YES_ERROR;
				GCC_WARN_UNDECLARED_SELECTOR = YES;
				GCC_WARN_UNINITIALIZED_AUTOS = YES_AGGRESSIVE;
				GCC_WARN_UNUSED_FUNCTION = YES;
				GCC_WARN_UNUSED_VARIABLE = YES;
				IPHONEOS_DEPLOYMENT_TARGET = 26.2;
				LOCALIZATION_PREFERS_STRING_CATALOGS = YES;
				MTL_ENABLE_DEBUG_INFO = INCLUDE_SOURCE;
				MTL_FAST_MATH = YES;
				ONLY_ACTIVE_ARCH = YES;
				SDKROOT = iphoneos;
				SWIFT_ACTIVE_COMPILATION_CONDITIONS = "DEBUG $(inherited)";
				SWIFT_OPTIMIZATION_LEVEL = "-Onone";
			};
			name = Debug;
		};
		E65942EB2F361119006F6C82 /* Release */ = {
			isa = XCBuildConfiguration;
			buildSettings = {
				ALWAYS_SEARCH_USER_PATHS = NO;
				ASSETCATALOG_COMPILER_GENERATE_SWIFT_ASSET_SYMBOL_EXTENSIONS = YES;
				CLANG_ANALYZER_NONNULL = YES;
				CLANG_ANALYZER_NUMBER_OBJECT_CONVERSION = YES_AGGRESSIVE;
				CLANG_CXX_LANGUAGE_STANDARD = "gnu++20";
				CLANG_ENABLE_MODULES = YES;
				CLANG_ENABLE_OBJC_ARC = YES;
				CLANG_ENABLE_OBJC_WEAK = YES;
				CLANG_WARN_BLOCK_CAPTURE_AUTORELEASING = YES;
				CLANG_WARN_BOOL_CONVERSION = YES;
				CLANG_WARN_COMMA = YES;
				CLANG_WARN_CONSTANT_CONVERSION = YES;
				CLANG_WARN_DEPRECATED_OBJC_IMPLEMENTATIONS = YES;
				CLANG_WARN_DIRECT_OBJC_ISA_USAGE = YES_ERROR;
				CLANG_WARN_DOCUMENTATION_COMMENTS = YES;
				CLANG_WARN_EMPTY_BODY = YES;
				CLANG_WARN_ENUM_CONVERSION = YES;
				CLANG_WARN_INFINITE_RECURSION = YES;
				CLANG_WARN_INT_CONVERSION = YES;
				CLANG_WARN_NON_LITERAL_NULL_CONVERSION = YES;
				CLANG_WARN_OBJC_IMPLICIT_RETAIN_SELF = YES;
				CLANG_WARN_OBJC_LITERAL_CONVERSION = YES;
				CLANG_WARN_OBJC_ROOT_CLASS = YES_ERROR;
				CLANG_WARN_QUOTED_INCLUDE_IN_FRAMEWORK_HEADER = YES;
				CLANG_WARN_RANGE_LOOP_ANALYSIS = YES;
				CLANG_WARN_STRICT_PROTOTYPES = YES;
				CLANG_WARN_SUSPICIOUS_MOVE = YES;
				CLANG_WARN_UNGUARDED_AVAILABILITY = YES_AGGRESSIVE;
				CLANG_WARN_UNREACHABLE_CODE = YES;
				CLANG_WARN__DUPLICATE_METHOD_MATCH = YES;
				COPY_PHASE_STRIP = NO;
				DEBUG_INFORMATION_FORMAT = "dwarf-with-dsym";
				DEVELOPMENT_TEAM = NLWU45HJDU;
				ENABLE_NS_ASSERTIONS = NO;
				ENABLE_STRICT_OBJC_MSGSEND = YES;
				ENABLE_USER_SCRIPT_SANDBOXING = YES;
				GCC_C_LANGUAGE_STANDARD = gnu17;
				GCC_NO_COMMON_BLOCKS = YES;
				GCC_WARN_64_TO_32_BIT_CONVERSION = YES;
				GCC_WARN_ABOUT_RETURN_TYPE = YES_ERROR;
				GCC_WARN_UNDECLARED_SELECTOR = YES;
				GCC_WARN_UNINITIALIZED_AUTOS = YES_AGGRESSIVE;
				GCC_WARN_UNUSED_FUNCTION = YES;
				GCC_WARN_UNUSED_VARIABLE = YES;
				IPHONEOS_DEPLOYMENT_TARGET = 26.2;
				LOCALIZATION_PREFERS_STRING_CATALOGS = YES;
				MTL_ENABLE_DEBUG_INFO = NO;
				MTL_FAST_MATH = YES;
				SDKROOT = iphoneos;
				SWIFT_COMPILATION_MODE = wholemodule;
				VALIDATE_PRODUCT = YES;
			};
			name = Release;
		};
		E65942ED2F361119006F6C82 /* Debug */ = {
			isa = XCBuildConfiguration;
			buildSettings = {
				ASSETCATALOG_COMPILER_APPICON_NAME = AppIcon;
				ASSETCATALOG_COMPILER_GLOBAL_ACCENT_COLOR_NAME = AccentColor;
				CODE_SIGN_STYLE = Automatic;
				CURRENT_PROJECT_VERSION = 1;
				DEVELOPMENT_TEAM = NLWU45HJDU;
				ENABLE_PREVIEWS = YES;
				GENERATE_INFOPLIST_FILE = YES;
				INFOPLIST_KEY_UIApplicationSceneManifest_Generation = YES;
				INFOPLIST_KEY_UIApplicationSupportsIndirectInputEvents = YES;
				INFOPLIST_KEY_UILaunchScreen_Generation = YES;
				INFOPLIST_KEY_UISupportedInterfaceOrientations_iPad = "UIInterfaceOrientationPortrait UIInterfaceOrientationPortraitUpsideDown UIInterfaceOrientationLandscapeLeft UIInterfaceOrientationLandscapeRight";
				INFOPLIST_KEY_UISupportedInterfaceOrientations_iPhone = "UIInterfaceOrientationPortrait UIInterfaceOrientationLandscapeLeft UIInterfaceOrientationLandscapeRight";
				LD_RUNPATH_SEARCH_PATHS = (
					"$(inherited)",
					"@executable_path/Frameworks",
				);
				MARKETING_VERSION = 1.0;
				PRODUCT_BUNDLE_IDENTIFIER = by.pavelbarysevich.TodoListOne;
				PRODUCT_NAME = "$(TARGET_NAME)";
				STRING_CATALOG_GENERATE_SYMBOLS = YES;
				SWIFT_APPROACHABLE_CONCURRENCY = YES;
				SWIFT_DEFAULT_ACTOR_ISOLATION = MainActor;
				SWIFT_EMIT_LOC_STRINGS = YES;
				SWIFT_UPCOMING_FEATURE_MEMBER_IMPORT_VISIBILITY = YES;
				SWIFT_VERSION = 5.0;
				TARGETED_DEVICE_FAMILY = "1,2";
			};
			name = Debug;
		};
		E65942EE2F361119006F6C82 /* Release */ = {
			isa = XCBuildConfiguration;
			buildSettings = {
				ASSETCATALOG_COMPILER_APPICON_NAME = AppIcon;
				ASSETCATALOG_COMPILER_GLOBAL_ACCENT_COLOR_NAME = AccentColor;
				CODE_SIGN_STYLE = Automatic;
				CURRENT_PROJECT_VERSION = 1;
				DEVELOPMENT_TEAM = NLWU45HJDU;
				ENABLE_PREVIEWS = YES;
				GENERATE_INFOPLIST_FILE = YES;
				INFOPLIST_KEY_UIApplicationSceneManifest_Generation = YES;
				INFOPLIST_KEY_UIApplicationSupportsIndirectInputEvents = YES;
				INFOPLIST_KEY_UILaunchScreen_Generation = YES;
				INFOPLIST_KEY_UISupportedInterfaceOrientations_iPad = "UIInterfaceOrientationPortrait UIInterfaceOrientationPortraitUpsideDown UIInterfaceOrientationLandscapeLeft UIInterfaceOrientationLandscapeRight";
				INFOPLIST_KEY_UISupportedInterfaceOrientations_iPhone = "UIInterfaceOrientationPortrait UIInterfaceOrientationLandscapeLeft UIInterfaceOrientationLandscapeRight";
				LD_RUNPATH_SEARCH_PATHS = (
					"$(inherited)",
					"@executable_path/Frameworks",
				);
				MARKETING_VERSION = 1.0;
				PRODUCT_BUNDLE_IDENTIFIER = by.pavelbarysevich.TodoListOne;
				PRODUCT_NAME = "$(TARGET_NAME)";
				STRING_CATALOG_GENERATE_SYMBOLS = YES;
				SWIFT_APPROACHABLE_CONCURRENCY = YES;
				SWIFT_DEFAULT_ACTOR_ISOLATION = MainActor;
				SWIFT_EMIT_LOC_STRINGS = YES;
				SWIFT_UPCOMING_FEATURE_MEMBER_IMPORT_VISIBILITY = YES;
				SWIFT_VERSION = 5.0;
				TARGETED_DEVICE_FAMILY = "1,2";
			};
			name = Release;
		};
/* End XCBuildConfiguration section */

/* Begin XCConfigurationList section */
		E65942DC2F361117006F6C82 /* Build configuration list for PBXProject "TodoListOne" */ = {
			isa = XCConfigurationList;
			buildConfigurations = (
				E65942EA2F361119006F6C82 /* Debug */,
				E65942EB2F361119006F6C82 /* Release */,
			);
			defaultConfigurationIsVisible = 0;
			defaultConfigurationName = Release;
		};
		E65942EC2F361119006F6C82 /* Build configuration list for PBXNativeTarget "TodoListOne" */ = {
			isa = XCConfigurationList;
			buildConfigurations = (
				E65942ED2F361119006F6C82 /* Debug */,
				E65942EE2F361119006F6C82 /* Release */,
			);
			defaultConfigurationIsVisible = 0;
			defaultConfigurationName = Release;
		};
/* End XCConfigurationList section */
	};
	rootObject = E65942D92F361117006F6C82 /* Project object */;
}
